
Microsoft Visual Studio Solution File, Format Version 12.00
# Visual Studio Version 17
VisualStudioVersion = 17.11.35222.181
MinimumVisualStudioVersion = 10.0.40219.1
Project("{FAE04EC0-301F-11D3-BF4B-00C04F79EFBC}") = "TryAzureCosmos", "TryAzureCosmos\TryAzureCosmos.csproj", "{F6C530CF-28A7-4E7A-9316-7C8EFA1113A4}"
EndProject
Global
	GlobalSection(SolutionConfigurationPlatforms) = preSolution
		Debug|Any CPU = Debug|Any CPU
		Release|Any CPU = Release|Any CPU
	EndGlobalSection
	GlobalSection(ProjectConfigurationPlatforms) = postSolution
		{F6C530CF-28A7-4E7A-9316-7C8EFA1113A4}.Debug|Any CPU.ActiveCfg = Debug|Any CPU
		{F6C530CF-28A7-4E7A-9316-7C8EFA1113A4}.Debug|Any CPU.Build.0 = Debug|Any CPU
		{F6C530CF-28A7-4E7A-9316-7C8EFA1113A4}.Release|Any CPU.ActiveCfg = Release|Any CPU
		{F6C530CF-28A7-4E7A-9316-7C8EFA1113A4}.Release|Any CPU.Build.0 = Release|Any CPU
	EndGlobalSection
	GlobalSection(SolutionProperties) = preSolution
		HideSolutionNode = FALSE
	EndGlobalSection
	GlobalSection(ExtensibilityGlobals) = postSolution
		SolutionGuid = {F54FD8C6-3341-4929-9DBF-14BB73215B2B}
	EndGlobalSection
EndGlobal
